
Microsoft Visual Studio Solution File, Format Version 12.00
# Visual Studio Version 16
VisualStudioVersion = 16.0.30804.86
MinimumVisualStudioVersion = 10.0.40219.1
Project("{FAE04EC0-301F-11D3-BF4B-00C04F79EFBC}") = "TodosWebApi.WebApi", "TodosWebApi.WebApi\TodosWebApi.WebApi.csproj", "{64A7E33C-C907-430A-8E00-74A2AA74D869}"
EndProject
Global
	GlobalSection(SolutionConfigurationPlatforms) = preSolution
		Debug|Any CPU = Debug|Any CPU
		Release|Any CPU = Release|Any CPU
	EndGlobalSection
	GlobalSection(ProjectConfigurationPlatforms) = postSolution
		{64A7E33C-C907-430A-8E00-74A2AA74D869}.Debug|Any CPU.ActiveCfg = Debug|Any CPU
		{64A7E33C-C907-430A-8E00-74A2AA74D869}.Debug|Any CPU.Build.0 = Debug|Any CPU
		{64A7E33C-C907-430A-8E00-74A2AA74D869}.Release|Any CPU.ActiveCfg = Release|Any CPU
		{64A7E33C-C907-430A-8E00-74A2AA74D869}.Release|Any CPU.Build.0 = Release|Any CPU
	EndGlobalSection
	GlobalSection(SolutionProperties) = preSolution
		HideSolutionNode = FALSE
	EndGlobalSection
	GlobalSection(ExtensibilityGlobals) = postSolution
		SolutionGuid = {D0C9785D-83DB-47EE-AA83-1D5EE74F077C}
	EndGlobalSection
EndGlobal
